
Microsoft Visual Studio Solution File, Format Version 12.00
# Visual Studio 15
VisualStudioVersion = 15.0.28307.1913
MinimumVisualStudioVersion = 10.0.40219.1
Project("{FAE04EC0-301F-11D3-BF4B-00C04F79EFBC}") = "ScadaApp", "ScadaApp\ScadaApp.csproj", "{65BB89D0-F9ED-42AB-94A0-450B97D2A59A}"
EndProject
Global
	GlobalSection(SolutionConfigurationPlatforms) = preSolution
		Debug|Any CPU = Debug|Any CPU
		Release|Any CPU = Release|Any CPU
	EndGlobalSection
	GlobalSection(ProjectConfigurationPlatforms) = postSolution
		{65BB89D0-F9ED-42AB-94A0-450B97D2A59A}.Debug|Any CPU.ActiveCfg = Debug|Any CPU
		{65BB89D0-F9ED-42AB-94A0-450B97D2A59A}.Debug|Any CPU.Build.0 = Debug|Any CPU
		{65BB89D0-F9ED-42AB-94A0-450B97D2A59A}.Release|Any CPU.ActiveCfg = Release|Any CPU
		{65BB89D0-F9ED-42AB-94A0-450B97D2A59A}.Release|Any CPU.Build.0 = Release|Any CPU
	EndGlobalSection
	GlobalSection(SolutionProperties) = preSolution
		HideSolutionNode = FALSE
	EndGlobalSection
	GlobalSection(ExtensibilityGlobals) = postSolution
		SolutionGuid = {4BF78029-DA7D-4615-A6AF-6224F8A41E2C}
	EndGlobalSection
EndGlobal
